
Microsoft Visual Studio Solution File, Format Version 12.00
# Visual Studio Version 17
VisualStudioVersion = 17.8.34309.116
MinimumVisualStudioVersion = 10.0.40219.1
Project("{9A19103F-16F7-4668-BE54-9A1E7A4F7556}") = "testPyC#", "testPyC#\testPyC#.csproj", "{B5CE827E-B689-48C7-B5C7-84181CD75819}"
EndProject
Project("{FAE04EC0-301F-11D3-BF4B-00C04F79EFBC}") = "testPY", "testPY\testPY.csproj", "{17EBFD5E-8505-4D28-AEEB-047C7F0F9016}"
EndProject
Global
	GlobalSection(SolutionConfigurationPlatforms) = preSolution
		Debug|Any CPU = Debug|Any CPU
		Release|Any CPU = Release|Any CPU
	EndGlobalSection
	GlobalSection(ProjectConfigurationPlatforms) = postSolution
		{B5CE827E-B689-48C7-B5C7-84181CD75819}.Debug|Any CPU.ActiveCfg = Debug|Any CPU
		{B5CE827E-B689-48C7-B5C7-84181CD75819}.Debug|Any CPU.Build.0 = Debug|Any CPU
		{B5CE827E-B689-48C7-B5C7-84181CD75819}.Release|Any CPU.ActiveCfg = Release|Any CPU
		{B5CE827E-B689-48C7-B5C7-84181CD75819}.Release|Any CPU.Build.0 = Release|Any CPU
		{17EBFD5E-8505-4D28-AEEB-047C7F0F9016}.Debug|Any CPU.ActiveCfg = Debug|Any CPU
		{17EBFD5E-8505-4D28-AEEB-047C7F0F9016}.Debug|Any CPU.Build.0 = Debug|Any CPU
		{17EBFD5E-8505-4D28-AEEB-047C7F0F9016}.Release|Any CPU.ActiveCfg = Release|Any CPU
		{17EBFD5E-8505-4D28-AEEB-047C7F0F9016}.Release|Any CPU.Build.0 = Release|Any CPU
	EndGlobalSection
	GlobalSection(SolutionProperties) = preSolution
		HideSolutionNode = FALSE
	EndGlobalSection
	GlobalSection(ExtensibilityGlobals) = postSolution
		SolutionGuid = {9C3C4A4E-1DED-4A81-8496-5CC51F1B1FE4}
	EndGlobalSection
EndGlobal
